{
  "name": "lockfile-maintenance-action",
  "version": "0.1.0",
  "lockfileVersion": 3,
  "requires": true,
  "packages": {
    "": {
      "name": "lockfile-maintenance-action",
      "version": "0.1.0",
      "dependencies": {
        "@actions/core": "3.0.1",
        "@pnpm/dependency-path": "1001.1.10",
        "@yarnpkg/parsers": "3.1.0",
        "ignore": "7.0.9",
        "semver": "7.8.5",
        "smol-toml": "1.8.0",
        "yaml": "2.9.1"
      },
      "devDependencies": {
        "@yarnpkg/cli-dist": "4.18.0",
        "pnpm": "12.4.2"
      },
      "engines": {
        "node": ">=24"
      }
    },
    "node_modules/@actions/core": {
      "version": "3.0.1",
      "resolved": "https://registry.npmjs.org/@actions/core/-/core-3.0.1.tgz",
      "integrity": "sha512-a6d/Nwahm9fliVGRhdhofo40HjHQasUPusmc7vBfyky+7Z+P2A1J68zyFVaNcEclc/Se+eO595oAr5nwEIoIUA==",
      "license": "MIT",
      "dependencies": {
        "@actions/exec": "^3.0.0",
        "@actions/http-client": "^4.0.0"
      }
    },
    "node_modules/@actions/exec": {
      "version": "3.0.0",
      "resolved": "https://registry.npmjs.org/@actions/exec/-/exec-3.0.0.tgz",
      "integrity": "sha512-6xH/puSoNBXb72VPlZVm7vQ+svQpFyA96qdDBvhB8eNZOE8LtPf9L4oAsfzK/crCL8YZ+19fKYVnM63Sl+Xzlw==",
      "license": "MIT",
      "dependencies": {
        "@actions/io": "^3.0.2"
      }
    },
    "node_modules/@actions/http-client": {
      "version": "4.0.1",
      "resolved": "https://registry.npmjs.org/@actions/http-client/-/http-client-4.0.1.tgz",
      "integrity": "sha512-+Nvd1ImaOZBSoPbsUtEhv+1z99H12xzncCkz0a3RuehINE81FZSe2QTj3uvAPTcJX/SCzUQHQ0D1GrPMbrPitg==",
      "license": "MIT",
      "dependencies": {
        "tunnel": "^0.0.6",
        "undici": "^6.23.0"
      }
    },
    "node_modules/@actions/io": {
      "version": "3.0.2",
      "resolved": "https://registry.npmjs.org/@actions/io/-/io-3.0.2.tgz",
      "integrity": "sha512-nRBchcMM+QK1pdjO7/idu86rbJI5YHUKCvKs0KxnSYbVe3F51UfGxuZX4Qy/fWlp6l7gWFwIkrOzN+oUK03kfw==",
      "license": "MIT"
    },
    "node_modules/@pnpm/crypto.hash": {
      "version": "1000.2.2",
      "resolved": "https://registry.npmjs.org/@pnpm/crypto.hash/-/crypto.hash-1000.2.2.tgz",
      "integrity": "sha512-W8pLZvXWLlGG5p0Z2nCvtBhlM6uuTcbAbsS15wlGS31jBBJKJW2udLoFeM7qfWPo7E2PqRPGxca7APpVYAjJhw==",
      "license": "MIT",
      "dependencies": {
        "@pnpm/crypto.polyfill": "1000.1.0",
        "@pnpm/graceful-fs": "1000.1.0",
        "ssri": "10.0.5"
      },
      "engines": {
        "node": ">=18.12"
      },
      "funding": {
        "url": "https://opencollective.com/pnpm"
      }
    },
    "node_modules/@pnpm/crypto.polyfill": {
      "version": "1000.1.0",
      "resolved": "https://registry.npmjs.org/@pnpm/crypto.polyfill/-/crypto.polyfill-1000.1.0.tgz",
      "integrity": "sha512-tNe7a6U4rCpxLMBaR0SIYTdjxGdL0Vwb3G1zY8++sPtHSvy7qd54u8CIB0Z+Y6t5tc9pNYMYCMwhE/wdSY7ltg==",
      "license": "MIT",
      "engines": {
        "node": ">=18.12"
      },
      "funding": {
        "url": "https://opencollective.com/pnpm"
      }
    },
    "node_modules/@pnpm/dependency-path": {
      "version": "1001.1.10",
      "resolved": "https://registry.npmjs.org/@pnpm/dependency-path/-/dependency-path-1001.1.10.tgz",
      "integrity": "sha512-PNImtV2SmNTDpLi4HdN86tJPmsOeIxm4VhmxgBVsMrJPEBfkNEWFcflR3wU6XVn/26g9qWdvlNHaawtCjeB93Q==",
      "license": "MIT",
      "dependencies": {
        "@pnpm/crypto.hash": "1000.2.2",
        "@pnpm/types": "1001.3.0",
        "semver": "^7.7.1"
      },
      "engines": {
        "node": ">=18.12"
      },
      "funding": {
        "url": "https://opencollective.com/pnpm"
      }
    },
    "node_modules/@pnpm/exe.android-arm64": {
      "version": "12.4.2",
      "resolved": "https://registry.npmjs.org/@pnpm/exe.android-arm64/-/exe.android-arm64-12.4.2.tgz",
      "integrity": "sha512-E255MbcQ0V1577M2BV0ajWuP7KmTPYA0jqZnk3rK6Lq3kTvZWulMMb7iqRmnLsQbyWTkMEB2CfyM70loVDA8xg==",
      "cpu": [
        "arm64"
      ],
      "dev": true,
      "license": "MIT",
      "optional": true,
      "os": [
        "android"
      ]
    },
    "node_modules/@pnpm/exe.android-x64": {
      "version": "12.4.2",
      "resolved": "https://registry.npmjs.org/@pnpm/exe.android-x64/-/exe.android-x64-12.4.2.tgz",
      "integrity": "sha512-J1pSeCUwuKxMG70ZzpWn8JzElxiEa8NN/3N0SlZRtU2xbztChaJCKF3HaBNIj9yPfeofWzJo/lwNvDDjraQuZw==",
      "cpu": [
        "x64"
      ],
      "dev": true,
      "license": "MIT",
      "optional": true,
      "os": [
        "android"
      ]
    },
    "node_modules/@pnpm/exe.darwin-arm64": {
      "version": "12.4.2",
      "resolved": "https://registry.npmjs.org/@pnpm/exe.darwin-arm64/-/exe.darwin-arm64-12.4.2.tgz",
      "integrity": "sha512-A0WDo8iErfZBXgrLseQxw8i8Y9ctUpOEl/Uu+cubnTzpD8tT9ykIB548L8YTM2WD4OS+ZOHSxy8aGZcvKq8PaQ==",
      "cpu": [
        "arm64"
      ],
      "dev": true,
      "license": "MIT",
      "optional": true,
      "os": [
        "darwin"
      ]
    },
    "node_modules/@pnpm/exe.darwin-x64": {
      "version": "12.4.2",
      "resolved": "https://registry.npmjs.org/@pnpm/exe.darwin-x64/-/exe.darwin-x64-12.4.2.tgz",
      "integrity": "sha512-MSgJdovBWHcb5DEOvfPH9yNi/T5O1Xa4ess+E1ESGo/5yuty7S4JoiIjami+fsNXfnoQMlwsMUqYU4zAvBcNCw==",
      "cpu": [
        "x64"
      ],
      "dev": true,
      "license": "MIT",
      "optional": true,
      "os": [
        "darwin"
      ]
    },
    "node_modules/@pnpm/exe.freebsd-x64": {
      "version": "12.4.2",
      "resolved": "https://registry.npmjs.org/@pnpm/exe.freebsd-x64/-/exe.freebsd-x64-12.4.2.tgz",
      "integrity": "sha512-h2YumlQSNvgbRPv+RXwABohX65f9bOBZn+jMIt7bFDISZPCzQ+Nvpt6Awbp4ip5PwQgYxbu5iREJ1fHE39Fm8A==",
      "cpu": [
        "x64"
      ],
      "dev": true,
      "license": "MIT",
      "optional": true,
      "os": [
        "freebsd"
      ]
    },
    "node_modules/@pnpm/exe.linux-arm64": {
      "version": "12.4.2",
      "resolved": "https://registry.npmjs.org/@pnpm/exe.linux-arm64/-/exe.linux-arm64-12.4.2.tgz",
      "integrity": "sha512-2dSiDXyhx+RTHsewxex8f/jVjqQXWJ2oow4kCVHEWdZKeBpgMxvZ6fHkTAUBJXgqhbKIDHvuNlZBP7gJfUWL5A==",
      "cpu": [
        "arm64"
      ],
      "dev": true,
      "libc": [
        "glibc"
      ],
      "license": "MIT",
      "optional": true,
      "os": [
        "linux"
      ]
    },
    "node_modules/@pnpm/exe.linux-arm64-musl": {
      "version": "12.4.2",
      "resolved": "https://registry.npmjs.org/@pnpm/exe.linux-arm64-musl/-/exe.linux-arm64-musl-12.4.2.tgz",
      "integrity": "sha512-LwSEtSEDTv6S51YLs3YvSkPyun/QmfMic1UGICUkPWFu6ByP43RdMlkKvmVkfGhAYCpnxO057vrmyJqtfZrPCA==",
      "cpu": [
        "arm64"
      ],
      "dev": true,
      "libc": [
        "musl"
      ],
      "license": "MIT",
      "optional": true,
      "os": [
        "linux"
      ]
    },
    "node_modules/@pnpm/exe.linux-ppc64": {
      "version": "12.4.2",
      "resolved": "https://registry.npmjs.org/@pnpm/exe.linux-ppc64/-/exe.linux-ppc64-12.4.2.tgz",
      "integrity": "sha512-8Itc+jQk+MTz04LS9D1RcH+VctAWmzM4l1cJQ+Sx7pAJNo7EKHdRMbC0Tok1jyQ7eEHNJZD5EleYneZqWfZM+g==",
      "cpu": [
        "ppc64"
      ],
      "dev": true,
      "libc": [
        "glibc"
      ],
      "license": "MIT",
      "optional": true,
      "os": [
        "linux"
      ]
    },
    "node_modules/@pnpm/exe.linux-riscv64": {
      "version": "12.4.2",
      "resolved": "https://registry.npmjs.org/@pnpm/exe.linux-riscv64/-/exe.linux-riscv64-12.4.2.tgz",
      "integrity": "sha512-hleOeqhTVpH+z9RVMGnxvU4ZnrkBUClWjCbHD9u6kwyqhGSpevoU1wTGish+CBRhmIgMAy9pAfFpqhbAKOKNfw==",
      "cpu": [
        "riscv64"
      ],
      "dev": true,
      "libc": [
        "glibc"
      ],
      "license": "MIT",
      "optional": true,
      "os": [
        "linux"
      ]
    },
    "node_modules/@pnpm/exe.linux-s390x": {
      "version": "12.4.2",
      "resolved": "https://registry.npmjs.org/@pnpm/exe.linux-s390x/-/exe.linux-s390x-12.4.2.tgz",
      "integrity": "sha512-LAsQRRdP9aToENR6dtcIJ9l+e1zMYOX0tQcLGpRyLPVBQcYRLlvAPcmDshsiIHQjp05SDa9FI0czX1ZQ1a7a/A==",
      "cpu": [
        "s390x"
      ],
      "dev": true,
      "libc": [
        "glibc"
      ],
      "license": "MIT",
      "optional": true,
      "os": [
        "linux"
      ]
    },
    "node_modules/@pnpm/exe.linux-x64": {
      "version": "12.4.2",
      "resolved": "https://registry.npmjs.org/@pnpm/exe.linux-x64/-/exe.linux-x64-12.4.2.tgz",
      "integrity": "sha512-/pbt0UVTa8NMDhzOWLQRfZ6G9ROKXlJPZtx845BqyWfc7hCrWXhTLBd70yO2y8+E+IWN3oHM1s/JsIQNGk1yvg==",
      "cpu": [
        "x64"
      ],
      "dev": true,
      "libc": [
        "glibc"
      ],
      "license": "MIT",
      "optional": true,
      "os": [
        "linux"
      ]
    },
    "node_modules/@pnpm/exe.linux-x64-musl": {
      "version": "12.4.2",
      "resolved": "https://registry.npmjs.org/@pnpm/exe.linux-x64-musl/-/exe.linux-x64-musl-12.4.2.tgz",
      "integrity": "sha512-kzfzH2/0BWdTABK14Yj5a1xsdkTEQUp2eXEPNakaD9jKL025lq3hyaKHIz/gIZaPDMe/1bFFK/En4ztFlbBJxw==",
      "cpu": [
        "x64"
      ],
      "dev": true,
      "libc": [
        "musl"
      ],
      "license": "MIT",
      "optional": true,
      "os": [
        "linux"
      ]
    },
    "node_modules/@pnpm/exe.win32-arm64": {
      "version": "12.4.2",
      "resolved": "https://registry.npmjs.org/@pnpm/exe.win32-arm64/-/exe.win32-arm64-12.4.2.tgz",
      "integrity": "sha512-PsW19e4dAUNpZ0cS9flaxFuAmpt2dKlH/Vvi8TZ4qyJjjQzue/CEsWm+6wKVP4CJ7IT8RdL4qh+soOPWIgF2Zw==",
      "cpu": [
        "arm64"
      ],
      "dev": true,
      "license": "MIT",
      "optional": true,
      "os": [
        "win32"
      ]
    },
    "node_modules/@pnpm/exe.win32-x64": {
      "version": "12.4.2",
      "resolved": "https://registry.npmjs.org/@pnpm/exe.win32-x64/-/exe.win32-x64-12.4.2.tgz",
      "integrity": "sha512-+xGoeE0g55ztWvl8i5QqdmNfW3nIrTVcoQrNshEOwxthm9Ag48oXton3uxOA3/SANyz5AXexEjj2KO20NnOrEw==",
      "cpu": [
        "x64"
      ],
      "dev": true,
      "license": "MIT",
      "optional": true,
      "os": [
        "win32"
      ]
    },
    "node_modules/@pnpm/graceful-fs": {
      "version": "1000.1.0",
      "resolved": "https://registry.npmjs.org/@pnpm/graceful-fs/-/graceful-fs-1000.1.0.tgz",
      "integrity": "sha512-EsMX4slK0qJN2AR0/AYohY5m0HQNYGMNe+jhN74O994zp22/WbX+PbkIKyw3UQn39yQm2+z6SgwklDxbeapsmQ==",
      "license": "MIT",
      "dependencies": {
        "graceful-fs": "^4.2.11"
      },
      "engines": {
        "node": ">=18.12"
      },
      "funding": {
        "url": "https://opencollective.com/pnpm"
      }
    },
    "node_modules/@pnpm/types": {
      "version": "1001.3.0",
      "resolved": "https://registry.npmjs.org/@pnpm/types/-/types-1001.3.0.tgz",
      "integrity": "sha512-NLTXheat/u7OEGg5M5vF6Z85zx8uKUZE0+whtX/sbFV2XL48RdnOWGPTKYuVVkv8M+launaLUTgGEXNs/ess2w==",
      "license": "MIT",
      "engines": {
        "node": ">=18.12"
      },
      "funding": {
        "url": "https://opencollective.com/pnpm"
      }
    },
    "node_modules/@yarnpkg/cli-dist": {
      "version": "4.18.0",
      "resolved": "https://registry.npmjs.org/@yarnpkg/cli-dist/-/cli-dist-4.18.0.tgz",
      "integrity": "sha512-WV9H+/O8BPElO7GKzrKipTtCNt8/gBCUJaNAEOw4U/x2k17aZjseYzll4QhpZE4xIsEvo8bK6KvjhsXuHrclPg==",
      "dev": true,
      "license": "BSD-2-Clause",
      "bin": {
        "yarn": "bin/yarn.js",
        "yarnpkg": "bin/yarn.js"
      },
      "engines": {
        "node": ">=18.12.0"
      }
    },
    "node_modules/@yarnpkg/parsers": {
      "version": "3.1.0",
      "resolved": "https://registry.npmjs.org/@yarnpkg/parsers/-/parsers-3.1.0.tgz",
      "integrity": "sha512-WoxUM/Be4hfsX06FxsvpGgfYqwgivMV7/Ol7aFuSfSmY6rRaiju4QxOEe9RUS0iYcSHWl5i9AhB1cMoE0p+XiA==",
      "license": "BSD-2-Clause",
      "dependencies": {
        "js-yaml": "^4.3.0",
        "tslib": "^2.4.0"
      },
      "engines": {
        "node": ">=18.12.0"
      }
    },
    "node_modules/argparse": {
      "version": "2.0.1",
      "resolved": "https://registry.npmjs.org/argparse/-/argparse-2.0.1.tgz",
      "integrity": "sha512-8+9WqebbFzpX9OR+Wa6O29asIogeRMzcGtAINdpMHHyAg10f05aSFVBbcEqGf/PXw1EjAZ+q2/bEBg3DvurK3Q==",
      "license": "Python-2.0"
    },
    "node_modules/graceful-fs": {
      "version": "4.2.11",
      "resolved": "https://registry.npmjs.org/graceful-fs/-/graceful-fs-4.2.11.tgz",
      "integrity": "sha512-RbJ5/jmFcNNCcDV5o9eTnBLJ/HszWV0P73bc+Ff4nS/rJj+YaS6IGyiOL0VoBYX+l1Wrl3k63h/KrH+nhJ0XvQ==",
      "license": "ISC"
    },
    "node_modules/ignore": {
      "version": "7.0.9",
      "resolved": "https://registry.npmjs.org/ignore/-/ignore-7.0.9.tgz",
      "integrity": "sha512-brTTsvFRt5C1gGHtPst/281UjPD5t9fBqbgoMPlVWy11ZLTPfu7HxK4ZYqO9H7o/yC9rSTCI85EaQ4OoY12qYw==",
      "license": "MIT",
      "engines": {
        "node": ">= 4"
      }
    },
    "node_modules/js-yaml": {
      "version": "4.3.2",
      "resolved": "https://registry.npmjs.org/js-yaml/-/js-yaml-4.3.2.tgz",
      "integrity": "sha512-SFNOvSJ+Dgf/9An904Yx+CgSlIPCkIpao4qo51lpee25TIRejdH3rhR4EZMGoNx3/TP3O+wzWuiTFl4sqbltzA==",
      "funding": [
        {
          "type": "github",
          "url": "https://github.com/sponsors/puzrin"
        },
        {
          "type": "github",
          "url": "https://github.com/sponsors/nodeca"
        }
      ],
      "license": "MIT",
      "dependencies": {
        "argparse": "^2.0.1"
      },
      "bin": {
        "js-yaml": "bin/js-yaml.js"
      }
    },
    "node_modules/minipass": {
      "version": "7.1.3",
      "resolved": "https://registry.npmjs.org/minipass/-/minipass-7.1.3.tgz",
      "integrity": "sha512-tEBHqDnIoM/1rXME1zgka9g6Q2lcoCkxHLuc7ODJ5BxbP5d4c2Z5cGgtXAku59200Cx7diuHTOYfSBD8n6mm8A==",
      "license": "BlueOak-1.0.0",
      "engines": {
        "node": ">=16 || 14 >=14.17"
      }
    },
    "node_modules/pnpm": {
      "version": "12.4.2",
      "resolved": "https://registry.npmjs.org/pnpm/-/pnpm-12.4.2.tgz",
      "integrity": "sha512-CK3GYTGAJ1x8ntraOdzwjJxhrU5+rzMKTzRh8QKw+QdCNFTRF/mOctR/7wYWBwZE17/8lzpqV/UJCm18NosHyQ==",
      "dev": true,
      "hasInstallScript": true,
      "license": "MIT",
      "bin": {
        "pn": "pn",
        "pnpm": "pnpm",
        "pnpx": "pnpx",
        "pnx": "pnx"
      },
      "engines": {
        "node": ">=18.*"
      },
      "optionalDependencies": {
        "@pnpm/exe.android-arm64": "12.4.2",
        "@pnpm/exe.android-x64": "12.4.2",
        "@pnpm/exe.darwin-arm64": "12.4.2",
        "@pnpm/exe.darwin-x64": "12.4.2",
        "@pnpm/exe.freebsd-x64": "12.4.2",
        "@pnpm/exe.linux-arm64": "12.4.2",
        "@pnpm/exe.linux-arm64-musl": "12.4.2",
        "@pnpm/exe.linux-ppc64": "12.4.2",
        "@pnpm/exe.linux-riscv64": "12.4.2",
        "@pnpm/exe.linux-s390x": "12.4.2",
        "@pnpm/exe.linux-x64": "12.4.2",
        "@pnpm/exe.linux-x64-musl": "12.4.2",
        "@pnpm/exe.win32-arm64": "12.4.2",
        "@pnpm/exe.win32-x64": "12.4.2"
      }
    },
    "node_modules/semver": {
      "version": "7.8.5",
      "resolved": "https://registry.npmjs.org/semver/-/semver-7.8.5.tgz",
      "integrity": "sha512-Y7/KDsb8LjooZpwaqGyulO6DQlksgCncchHGk+sZIY4SBvUocMBEFH5Ur1fI4dV+Jvl0w6cjvucaIi40puRioA==",
      "license": "ISC",
      "bin": {
        "semver": "bin/semver.js"
      },
      "engines": {
        "node": ">=10"
      }
    },
    "node_modules/smol-toml": {
      "version": "1.8.0",
      "resolved": "https://registry.npmjs.org/smol-toml/-/smol-toml-1.8.0.tgz",
      "integrity": "sha512-kCZr2V3ch9i00x8zXRhjUNVcjG9ijES5dDudkXvUVCT5QlJNQWElSJdZqyPemffHoLNUYwOcou0Fy+ojN0uHSQ==",
      "license": "BSD-3-Clause",
      "engines": {
        "node": ">= 18"
      },
      "funding": {
        "url": "https://github.com/sponsors/cyyynthia"
      }
    },
    "node_modules/ssri": {
      "version": "10.0.5",
      "resolved": "https://registry.npmjs.org/ssri/-/ssri-10.0.5.tgz",
      "integrity": "sha512-bSf16tAFkGeRlUNDjXu8FzaMQt6g2HZJrun7mtMbIPOddxt3GLMSz5VWUWcqTJUPfLEaDIepGxv+bYQW49596A==",
      "license": "ISC",
      "dependencies": {
        "minipass": "^7.0.3"
      },
      "engines": {
        "node": "^14.17.0 || ^16.13.0 || >=18.0.0"
      }
    },
    "node_modules/tslib": {
      "version": "2.8.1",
      "resolved": "https://registry.npmjs.org/tslib/-/tslib-2.8.1.tgz",
      "integrity": "sha512-oJFu94HQb+KVduSUQL7wnpmqnfmLsOA/nAh6b6EH0wCEoK0/mPeXU6c3wKDV83MkOuHPRHtSXKKU99IBazS/2w==",
      "license": "0BSD"
    },
    "node_modules/tunnel": {
      "version": "0.0.6",
      "resolved": "https://registry.npmjs.org/tunnel/-/tunnel-0.0.6.tgz",
      "integrity": "sha512-1h/Lnq9yajKY2PEbBadPXj3VxsDDu844OnaAo52UVmIzIvwwtBPIuNvkjuzBlTWpfJyUbG3ez0KSBibQkj4ojg==",
      "license": "MIT",
      "engines": {
        "node": ">=0.6.11 <=0.7.0 || >=0.7.3"
      }
    },
    "node_modules/undici": {
      "version": "6.28.1",
      "resolved": "https://registry.npmjs.org/undici/-/undici-6.28.1.tgz",
      "integrity": "sha512-zWpdTVD54H48CIybL0rWQ3ukpb9d23wM7eH5RtfdmeP70cWHNjtfo7P4vZX+5CoDcO53J4Pu5uXp7lNfjc6DRA==",
      "license": "MIT",
      "engines": {
        "node": ">=18.17"
      }
    },
    "node_modules/yaml": {
      "version": "2.9.1",
      "resolved": "https://registry.npmjs.org/yaml/-/yaml-2.9.1.tgz",
      "integrity": "sha512-3NxN8+78OdzbT7C/WjGsyfPAtJaN3FNDsWxv7Y7mcDsT/oOmgW8BpyQQFFBnvZE3j9Y2Sdz1ULFLezL7Eb2yFw==",
      "license": "ISC",
      "bin": {
        "yaml": "bin.mjs"
      },
      "engines": {
        "node": ">= 14.6"
      },
      "funding": {
        "url": "https://github.com/sponsors/eemeli"
      }
    }
  }
}
